Microsoft Visual Studio Solution File, Format Version 12.00
# Visual Studio Version 17
VisualStudioVersion = 17.5.2.0
MinimumVisualStudioVersion = 10.0.40219.1
Project("{FAE04EC0-301F-11D3-BF4B-00C04F79EFBC}") = "asp.net-service", "asp.net-service\asp.net-service.csproj", "{56BD4A87-ADF3-0A90-295E-D74A1FEB3328}"
EndProject
Global
	GlobalSection(SolutionConfigurationPlatforms) = preSolution
		Debug|Any CPU = Debug|Any CPU
		Release|Any CPU = Release|Any CPU
	EndGlobalSection
	GlobalSection(ProjectConfigurationPlatforms) = postSolution
		{56BD4A87-ADF3-0A90-295E-D74A1FEB3328}.Debug|Any CPU.ActiveCfg = Debug|Any CPU
		{56BD4A87-ADF3-0A90-295E-D74A1FEB3328}.Debug|Any CPU.Build.0 = Debug|Any CPU
		{56BD4A87-ADF3-0A90-295E-D74A1FEB3328}.Release|Any CPU.ActiveCfg = Release|Any CPU
		{56BD4A87-ADF3-0A90-295E-D74A1FEB3328}.Release|Any CPU.Build.0 = Release|Any CPU
	EndGlobalSection
	GlobalSection(SolutionProperties) = preSolution
		HideSolutionNode = FALSE
	EndGlobalSection
	GlobalSection(ExtensibilityGlobals) = postSolution
		SolutionGuid = {AF09A2DA-0D7B-46BE-AE6F-ECE9987ABFF7}
	EndGlobalSection
EndGlobal
